
Microsoft Visual Studio Solution File, Format Version 12.00
# Visual Studio Version 17
VisualStudioVersion = 17.13.35825.156
MinimumVisualStudioVersion = 10.0.40219.1
Project("{FAE04EC0-301F-11D3-BF4B-00C04F79EFBC}") = "API", "ActEmployeeManagementApi\API.csproj", "{F50A2DF0-A664-412E-81EA-0624E9917540}"
EndProject
Project("{FAE04EC0-301F-11D3-BF4B-00C04F79EFBC}") = "Core", "Core\Core.csproj", "{17EF6612-A22A-462B-B424-3B07A78266B1}"
EndProject
Project("{FAE04EC0-301F-11D3-BF4B-00C04F79EFBC}") = "Domain", "Domain\Domain.csproj", "{0119B23A-0FFA-4727-8154-4FB63C85E7BB}"
EndProject
Project("{FAE04EC0-301F-11D3-BF4B-00C04F79EFBC}") = "Data", "Infrastructure\Data.csproj", "{8C3C1D03-96CD-4156-9E6A-002260CBDBBC}"
EndProject
Project("{FAE04EC0-301F-11D3-BF4B-00C04F79EFBC}") = "Shared", "Shared\Shared.csproj", "{8B881CA9-925E-42BB-A885-303A613EC043}"
EndProject
Project("{2150E333-8FDC-42A3-9474-1A3956D46DE8}") = "Itens de Solução", "Itens de Solução", "{380A7511-A354-6D7A-0CC0-8FA1F1BA7B6C}"
EndProject
Project("{E53339B2-1760-4266-BCC7-CA923CBCF16C}") = "docker-compose", "docker-compose.dcproj", "{81DDED9D-158B-E303-5F62-77A2896D2A5A}"
EndProject
Project("{FAE04EC0-301F-11D3-BF4B-00C04F79EFBC}") = "Testes", "..\Testes\Testes.csproj", "{8E4941CE-2F15-49C5-A42D-38F1A590FC97}"
EndProject
Global
	GlobalSection(SolutionConfigurationPlatforms) = preSolution
		Debug|Any CPU = Debug|Any CPU
		Release|Any CPU = Release|Any CPU
	EndGlobalSection
	GlobalSection(ProjectConfigurationPlatforms) = postSolution
		{F50A2DF0-A664-412E-81EA-0624E9917540}.Debug|Any CPU.ActiveCfg = Debug|Any CPU
		{F50A2DF0-A664-412E-81EA-0624E9917540}.Debug|Any CPU.Build.0 = Debug|Any CPU
		{F50A2DF0-A664-412E-81EA-0624E9917540}.Release|Any CPU.ActiveCfg = Release|Any CPU
		{F50A2DF0-A664-412E-81EA-0624E9917540}.Release|Any CPU.Build.0 = Release|Any CPU
		{17EF6612-A22A-462B-B424-3B07A78266B1}.Debug|Any CPU.ActiveCfg = Debug|Any CPU
		{17EF6612-A22A-462B-B424-3B07A78266B1}.Debug|Any CPU.Build.0 = Debug|Any CPU
		{17EF6612-A22A-462B-B424-3B07A78266B1}.Release|Any CPU.ActiveCfg = Release|Any CPU
		{17EF6612-A22A-462B-B424-3B07A78266B1}.Release|Any CPU.Build.0 = Release|Any CPU
		{0119B23A-0FFA-4727-8154-4FB63C85E7BB}.Debug|Any CPU.ActiveCfg = Debug|Any CPU
		{0119B23A-0FFA-4727-8154-4FB63C85E7BB}.Debug|Any CPU.Build.0 = Debug|Any CPU
		{0119B23A-0FFA-4727-8154-4FB63C85E7BB}.Release|Any CPU.ActiveCfg = Release|Any CPU
		{0119B23A-0FFA-4727-8154-4FB63C85E7BB}.Release|Any CPU.Build.0 = Release|Any CPU
		{8C3C1D03-96CD-4156-9E6A-002260CBDBBC}.Debug|Any CPU.ActiveCfg = Debug|Any CPU
		{8C3C1D03-96CD-4156-9E6A-002260CBDBBC}.Debug|Any CPU.Build.0 = Debug|Any CPU
		{8C3C1D03-96CD-4156-9E6A-002260CBDBBC}.Release|Any CPU.ActiveCfg = Release|Any CPU
		{8C3C1D03-96CD-4156-9E6A-002260CBDBBC}.Release|Any CPU.Build.0 = Release|Any CPU
		{8B881CA9-925E-42BB-A885-303A613EC043}.Debug|Any CPU.ActiveCfg = Debug|Any CPU
		{8B881CA9-925E-42BB-A885-303A613EC043}.Debug|Any CPU.Build.0 = Debug|Any CPU
		{8B881CA9-925E-42BB-A885-303A613EC043}.Release|Any CPU.ActiveCfg = Release|Any CPU
		{8B881CA9-925E-42BB-A885-303A613EC043}.Release|Any CPU.Build.0 = Release|Any CPU
		{81DDED9D-158B-E303-5F62-77A2896D2A5A}.Debug|Any CPU.ActiveCfg = Debug|Any CPU
		{81DDED9D-158B-E303-5F62-77A2896D2A5A}.Debug|Any CPU.Build.0 = Debug|Any CPU
		{81DDED9D-158B-E303-5F62-77A2896D2A5A}.Release|Any CPU.ActiveCfg = Release|Any CPU
		{81DDED9D-158B-E303-5F62-77A2896D2A5A}.Release|Any CPU.Build.0 = Release|Any CPU
		{8E4941CE-2F15-49C5-A42D-38F1A590FC97}.Debug|Any CPU.ActiveCfg = Debug|Any CPU
		{8E4941CE-2F15-49C5-A42D-38F1A590FC97}.Debug|Any CPU.Build.0 = Debug|Any CPU
		{8E4941CE-2F15-49C5-A42D-38F1A590FC97}.Release|Any CPU.ActiveCfg = Release|Any CPU
		{8E4941CE-2F15-49C5-A42D-38F1A590FC97}.Release|Any CPU.Build.0 = Release|Any CPU
	EndGlobalSection
	GlobalSection(SolutionProperties) = preSolution
		HideSolutionNode = FALSE
	EndGlobalSection
	GlobalSection(ExtensibilityGlobals) = postSolution
		SolutionGuid = {1615A6AA-182E-4998-8C7A-7FBC1B5E3114}
	EndGlobalSection
EndGlobal
